
Microsoft Visual Studio Solution File, Format Version 12.00
# Visual Studio Version 17
VisualStudioVersion = 17.3.32825.248
MinimumVisualStudioVersion = 10.0.40219.1
Project("{FAE04EC0-301F-11D3-BF4B-00C04F79EFBC}") = "assigmentMVC2", "assigmentMCV2\assigmentMVC2.csproj", "{7BDD9C0D-DF9C-4623-8B0A-7EFDE5DDE077}"
EndProject
Global
	GlobalSection(SolutionConfigurationPlatforms) = preSolution
		Debug|Any CPU = Debug|Any CPU
		Release|Any CPU = Release|Any CPU
	EndGlobalSection
	GlobalSection(ProjectConfigurationPlatforms) = postSolution
		{7BDD9C0D-DF9C-4623-8B0A-7EFDE5DDE077}.Debug|Any CPU.ActiveCfg = Debug|Any CPU
		{7BDD9C0D-DF9C-4623-8B0A-7EFDE5DDE077}.Debug|Any CPU.Build.0 = Debug|Any CPU
		{7BDD9C0D-DF9C-4623-8B0A-7EFDE5DDE077}.Release|Any CPU.ActiveCfg = Release|Any CPU
		{7BDD9C0D-DF9C-4623-8B0A-7EFDE5DDE077}.Release|Any CPU.Build.0 = Release|Any CPU
	EndGlobalSection
	GlobalSection(SolutionProperties) = preSolution
		HideSolutionNode = FALSE
	EndGlobalSection
	GlobalSection(ExtensibilityGlobals) = postSolution
		SolutionGuid = {0D1FB3B4-DBAC-4E5D-B48A-0586CDF23D74}
	EndGlobalSection
EndGlobal
